// !$*UTF8*$!
{
	archiveVersion = 1;
	classes = {
	};
	objectVersion = 77;
	objects = {

/* Begin PBXBuildFile section */
		48AA10132FAA000100000001 /* EPUBKit in Frameworks */ = {isa = PBXBuildFile; productRef = 48568CD22F1EC9A400F9C126 /* EPUBKit */; };
		48AD10012FAD000100000001 /* AidokuRuntime in Frameworks */ = {isa = PBXBuildFile; productRef = 48AD10032FAD000100000003 /* AidokuRuntime */; };
		48AA10142FAA000100000001 /* CHoshiDicts in Frameworks */ = {isa = PBXBuildFile; productRef = 48BC0BDE2F5C316B00EDAC3F /* CHoshiDicts */; };
		48D0C0012FB0000100000001 /* YouTubeKit in Frameworks */ = {isa = PBXBuildFile; productRef = 48D0C0032FB0000100000001 /* YouTubeKit */; };
		48D0C0112FB0000100000001 /* SwiftLAME in Frameworks */ = {isa = PBXBuildFile; productRef = 48D0C0132FB0000100000001 /* SwiftLAME */; };
		48AA10502FAA000100000001 /* Assets.xcassets in Resources */ = {isa = PBXBuildFile; fileRef = 48568A462F1E7F5C00F9C126 /* Assets.xcassets */; };
		48AA10512FAA000100000001 /* HoshiIcon.icon in Resources */ = {isa = PBXBuildFile; fileRef = 48568A472F1E7F5C00F9C126 /* HoshiIcon.icon */; };
		48AA10522FAA000100000001 /* PrivacyInfo.xcprivacy in Resources */ = {isa = PBXBuildFile; fileRef = 48C8125E2F5F47C000127630 /* PrivacyInfo.xcprivacy */; };
		48AA10532FAA000100000001 /* Localizable.xcstrings in Resources */ = {isa = PBXBuildFile; fileRef = 48A1B2C32F8A000100000001 /* Localizable.xcstrings */; };
		48AA10542FAA000100000001 /* Dictionaries.xcstrings in Resources */ = {isa = PBXBuildFile; fileRef = 48A1B2C52F8A000100000003 /* Dictionaries.xcstrings */; };
		48AA10552FAA000100000001 /* InfoPlist.xcstrings in Resources */ = {isa = PBXBuildFile; fileRef = 48A1B2C62F8A000100000004 /* InfoPlist.xcstrings */; };
/* End PBXBuildFile section */

/* Begin PBXFileReference section */
		48A1B2C32F8A000100000001 /* Localizable.xcstrings */ = {isa = PBXFileReference; lastKnownFileType = text.json.xcstrings; path = Localizable.xcstrings; sourceTree = "<group>"; };
		48A1B2C52F8A000100000003 /* Dictionaries.xcstrings */ = {isa = PBXFileReference; lastKnownFileType = text.json.xcstrings; path = Dictionaries.xcstrings; sourceTree = "<group>"; };
		48A1B2C62F8A000100000004 /* InfoPlist.xcstrings */ = {isa = PBXFileReference; lastKnownFileType = text.json.xcstrings; path = InfoPlist.xcstrings; sourceTree = "<group>"; };
		48568A462F1E7F5C00F9C126 /* Assets.xcassets */ = {isa = PBXFileReference; lastKnownFileType = folder.assetcatalog; path = Assets.xcassets; sourceTree = "<group>"; };
		48568A472F1E7F5C00F9C126 /* HoshiIcon.icon */ = {isa = PBXFileReference; lastKnownFileType = folder.iconcomposer.icon; path = HoshiIcon.icon; sourceTree = "<group>"; };
		48C8125E2F5F47C000127630 /* PrivacyInfo.xcprivacy */ = {isa = PBXFileReference; lastKnownFileType = text.xml; path = PrivacyInfo.xcprivacy; sourceTree = "<group>"; };
		48AA10012FAA000100000001 /* Niratan.app */ = {isa = PBXFileReference; explicitFileType = wrapper.application; includeInIndex = 0; path = "Niratan.app"; sourceTree = BUILT_PRODUCTS_DIR; };
/* End PBXFileReference section */

/* Begin PBXFileSystemSynchronizedBuildFileExceptionSet section */
		48AA10102FAA000100000001 /* Exceptions for "Core" folder in "Niratan" target */ = {
			isa = PBXFileSystemSynchronizedBuildFileExceptionSet;
			membershipExceptions = (
				AnkiManager.swift,
				AnkiAudioCompressor.swift,
				AnkiMediaProcessor.swift,
				BookStorage.swift,
				ColorHexCodec.swift,
				DictionaryManager.swift,
				FontManager.swift,
				LocalAudioEndpoint.swift,
				LocalFileServer.swift,
				LookupEngine.swift,
				ProfileActivationCoordinator.swift,
				ProfileDictionaryBackup.swift,
				ProfileRepository.swift,
				ProfileSettingsStore.swift,
				ReaderKeyboardShortcutAppKitBridge.swift,
				SelectionLookup/AccessibilitySelectionReader.swift,
				SelectionLookup/HoshiShiftHoverWKWebView.swift,
				SelectionLookup/SelectionLookupModels.swift,
				SelectionLookup/SelectionLookupCoordinator.swift,
				SelectionLookup/TextSelectionResolver.swift,
				Shortcuts/KeyboardShortcutBinding.swift,
				Shortcuts/ShortcutAction.swift,
				Shortcuts/ShortcutConfiguration.swift,
				Shortcuts/ShortcutConflictChecker.swift,
				Shortcuts/ShortcutDispatchResolver.swift,
				Shortcuts/ShortcutManager.swift,
				Shortcuts/ShortcutRegistry.swift,
				Shortcuts/SystemHotKeyRegistrar.swift,
				UserConfig.swift,
				VideoSubtitlePositionPolicy.swift,
				XboxControllerManager.swift,
				ZLibraryClient.swift,
			);
			target = 48AA10002FAA000100000001 /* Niratan */;
		};
		48AA10112FAA000100000001 /* Exceptions for "Models" folder in "Niratan" target */ = {
			isa = PBXFileSystemSynchronizedBuildFileExceptionSet;
			membershipExceptions = (
				Anki.swift,
				Book.swift,
				Dictionary.swift,
				Highlight.swift,
				Manga.swift,
				Aidoku.swift,
				Suwayomi.swift,
				Profile.swift,
				Sasayaki.swift,
				Statistics.swift,
				Subtitle.swift,
			);
			target = 48AA10002FAA000100000001 /* Niratan */;
		};
		48AA10122FAA000100000001 /* Exceptions for "Features" folder in "Niratan" target */ = {
			isa = PBXFileSystemSynchronizedBuildFileExceptionSet;
			membershipExceptions = (
				Bookshelf/BookCell.swift,
				Bookshelf/BookshelfDropSupport.swift,
				Bookshelf/BookshelfViewModel.swift,
				Bookshelf/BookView.swift,
				Bookshelf/ShelfManagementView.swift,
				Bookshelf/ShelfView.swift,
				Bookshelf/StatisticsDashboardModels.swift,
				Bookshelf/StatisticsDashboardView.swift,
				Bookshelf/ZLibraryCoverLoader.swift,
				Bookshelf/ZLibraryView.swift,
				Bookshelf/ZLibraryViewModel.swift,
				Dictionary/CustomSearchField.swift,
				Dictionary/DictionaryShortcutActions.swift,
				Dictionary/DictionarySearchTextFieldBridge.swift,
				Dictionary/DictionarySearchView.swift,
				Manga/MangaLibraryStore.swift,
				Manga/AidokuGlobalStore.swift,
				Manga/AidokuSourceView.swift,
				Manga/MangaDiscoveryService.swift,
				Manga/MangaDiscoveryView.swift,
				Manga/MangaLibraryView.swift,
				Manga/MangaLibraryViewModel.swift,
				Manga/MangaEPUBParser.swift,
				Manga/MangaMokuroParser.swift,
				Manga/MangaOCRService.swift,
				Manga/MangaPageLoader.swift,
				Manga/MangaPageProvider.swift,
				Manga/MangaPageProcessing.swift,
				Manga/MangaReaderView.swift,
				Manga/MangaReaderViewModel.swift,
				Manga/SuwayomiClient.swift,
				Manga/SuwayomiConnectionStore.swift,
				Manga/SuwayomiSourceView.swift,
				Popup/AnkiMining.swift,
				Popup/MiningContextSelection.swift,
				Popup/MiningContextSelectionView.swift,
				Popup/PopupModels.swift,
				Popup/PopupPresentationCoordinator.swift,
				Popup/PopupShortcutActions.swift,
				Popup/PopupSystemSymbolRenderer.swift,
				Popup/PopupView.swift,
				Popup/PopupWebView.swift,
				Popup/WordAudioPlayer.swift,
				Popup/popup.css,
				Popup/popup.js,
				Reader/ChapterListView/ChapterListView.swift,
				Reader/ChapterListView/ChapterListViewModel.swift,
				Reader/Gallery/GalleryView.swift,
				Reader/Gallery/ReaderImageGalleryIndex.swift,
				Reader/Highlights/HighlightListView.swift,
				Reader/Highlights/highlights.js,
				Reader/Lyrics/ReaderLyricsLayoutMetrics.swift,
				Reader/Lyrics/ReaderLyricsSelectionResolver.swift,
				Reader/Lyrics/ReaderLyricsShiftHoverLookupState.swift,
				Reader/Lyrics/ReaderLyricsTextView.swift,
				Reader/ReaderChapterIndex.swift,
				Reader/ReaderStatisticsPersistencePolicy.swift,
				Reader/ReaderShortcutActions.swift,
				Reader/Search/ReaderGoToView.swift,
				Reader/Search/ReaderSearchEPUBAdapter.swift,
				Reader/Search/ReaderSearchEngine.swift,
				Reader/ReaderWebView/ReaderViewportGeometry.swift,
				Reader/ReaderWebView/WebViewBridge.swift,
				Reader/ReaderWebView/reader.js,
				Reader/ReaderWebView/selection.js,
				Reader/ScrollReaderWebView/scrollreader.js,
				Reader/StatisticsView.swift,
				Sasayaki/SasayakiMatchView.swift,
				Sasayaki/SasayakiAudiobookMetadata.swift,
				Sasayaki/SasayakiMatcher.swift,
				Sasayaki/SasayakiParser.swift,
				Sasayaki/SasayakiPlayer.swift,
				Sasayaki/SasayakiShortcutActions.swift,
				Sasayaki/SasayakiSheet.swift,
				Sasayaki/SasayakiSRT.swift,
				Sasayaki/SasayakiSpeechEngine.swift,
				Sasayaki/SasayakiTranscriptionProgress.swift,
				Sasayaki/SasayakiTranscription.swift,
				Sasayaki/SasayakiTranscriptionSection.swift,
				Settings/AboutView.swift,
				Settings/AdvancedView.swift,
				Settings/ApplicationShortcutRegistry.swift,
				Settings/AnkiConnectView.swift,
				Settings/AnkiView.swift,
				Settings/AppearanceView.swift,
				Settings/AudioView.swift,
				Settings/BackupView.swift,
				Settings/CSSEditorSnippet.swift,
				Settings/CSSEditorTextViewBridge.swift,
				Settings/CSSEditorView.swift,
				Settings/DictionaryView.swift,
				Settings/KeyboardShortcutsView.swift,
				Settings/ProfilesView.swift,
				Settings/SasayakiSettingsView.swift,
				Settings/SettingsHomeView.swift,
				Settings/ShortcutKeyCaptureView.swift,
				Settings/StatisticsSettingsView.swift,
				Settings/SyncView.swift,
				Settings/VideoSettingsView.swift,
				Settings/XboxControllerView.swift,
				Sync/GoogleDriveAuth.swift,
				Sync/GoogleDriveHandler.swift,
				Sync/GoogleDrivePresentationAnchor.swift,
				Sync/SyncManager.swift,
				Sync/TokenStorage.swift,
				Video/Playback/HoshiVideo-Bridging-Header.h,
				Video/Playback/HSMpvClient.h,
				Video/Playback/HSMpvClient.mm,
				Video/Playback/HSMpvAnimatedAVIFExporter.h,
				Video/Playback/HSMpvAnimatedAVIFExporter.mm,
				Video/Playback/MpvPlayerEngine.swift,
				Video/Playback/MpvRenderView.swift,
				Video/Playback/PlaybackEngine.swift,
				Video/Playback/VideoAudioClipExporter.swift,
				Video/Remote/BoundedURLSessionData.swift,
				Video/Remote/RemotePlaybackSession.swift,
				Video/Remote/RemoteSubtitleLoader.swift,
				Video/Remote/RemoteVideoResolver.swift,
				Video/Remote/RemoteVideoSource.swift,
				Video/Remote/YouTubeAndroidVRPlayerResponseParser.swift,
				Video/Remote/YouTubeInitialPlayerResponseParser.swift,
				Video/Remote/YouTubeKitMediaLoader.swift,
				Video/Remote/YouTubeKitRemoteVideoResolver.swift,
				Video/Remote/YouTubeMediaModels.swift,
				Video/Remote/YouTubePageMetadataLoader.swift,
				Video/Remote/YouTubeStreamSelector.swift,
				Video/Remote/YouTubeURLParser.swift,
				Video/Subtitles/InteractiveSubtitleTextView.swift,
				Video/Subtitles/EmbeddedSubtitlePayloadParser.swift,
				Video/Subtitles/AJATTSubtitleCatalogClient.swift,
				Video/Subtitles/CatalogSubtitleStore.swift,
				Video/Subtitles/OnlineSubtitleClients.swift,
				Video/Subtitles/OnlineSubtitleGrouping.swift,
				Video/Subtitles/OnlineSubtitleBrowserModel.swift,
				Video/Subtitles/OnlineSubtitleBrowserView.swift,
				Video/Subtitles/JimakuAPIClient.swift,
				Video/Subtitles/JimakuCredentialStore.swift,
				Video/Subtitles/VideoSubtitleEdgeStyle.swift,
				Video/Subtitles/ASSInteractiveTextStyle.swift,
				Video/Subtitles/SubtitleOverlayView.swift,
				Video/Subtitles/SubtitleOverlayRowHeightMeasurer.swift,
				Video/Subtitles/SubtitleVerticalPositionLayout.swift,
				Video/Subtitles/SubtitleCueStore.swift,
				Video/Subtitles/SubtitleParser.swift,
				Video/Subtitles/SubtitleSelectionResolver.swift,
				Video/Subtitles/SubtitleTranscriptView.swift,
				Video/Subtitles/VideoSubtitleController.swift,
				Video/Subtitles/VideoShiftHoverLookupState.swift,
				Video/Subtitles/VideoSubtitleTrackExtractor.swift,
				Video/Anime4KShaderManager.swift,
				Video/VideoControlsView.swift,
				Video/VideoAudioClipRange.swift,
				Video/VideoAmbientBackdrop.swift,
				Video/VideoAmbientBackdropModel.swift,
				Video/VideoInspectorState.swift,
				Video/VideoInspectorView.swift,
				Video/VideoLibraryStore.swift,
				Video/VideoLibraryView.swift,
				Video/VideoLibraryViewModel.swift,
				Video/VideoLookupCoordinator.swift,
				Video/VideoMiningCoordinator.swift,
				Video/VideoMiningContextSelectionBuilder.swift,
				Video/VideoMiningSelectionResolution.swift,
				Video/VideoMiningHistoryNavigation.swift,
				Video/VideoMiningHistorySidebar.swift,
					Video/VideoMiningHistoryStore.swift,
				Video/VideoMiningMediaStore.swift,
				"Video/VideoMiningMediaStore+Audio.swift",
					Video/VideoMediaTypes.swift,
					Video/VideoOnScreenDisplay.swift,
					Video/VideoPlaybackCommands.swift,
				Video/VideoPlaybackHistoryStore.swift,
				Video/VideoPlaylist.swift,
				Video/VideoPlayerScreen.swift,
				Video/VideoPlayerViewModel.swift,
				Video/VideoShortcutActions.swift,
				Video/VideoStudyListCard.swift,
				Video/VideoThumbnailStore.swift,
				Video/VideoWindowChromeController.swift,
				Video/VideoWindowCoordinator.swift,
			);
			target = 48AA10002FAA000100000001 /* Niratan */;
		};
		48AA10202FAA000100000001 /* Exceptions for "Util" folder in "Niratan" target */ = {
			isa = PBXFileSystemSynchronizedBuildFileExceptionSet;
			membershipExceptions = (
				BookProcessor.swift,
				CoverImage.swift,
				CSSSanitizer.swift,
				Extensions.swift,
				ReaderCharacterNormalizer.swift,
				TtuConverter.swift,
			);
			target = 48AA10002FAA000100000001 /* Niratan */;
		};
/* End PBXFileSystemSynchronizedBuildFileExceptionSet section */

/* Begin PBXFileSystemSynchronizedRootGroup section */
		48568A662F1E926300F9C126 /* Core */ = {
			isa = PBXFileSystemSynchronizedRootGroup;
			exceptions = (
				48AA10102FAA000100000001 /* Exceptions for "Core" folder in "Niratan" target */,
			);
			path = Core;
			sourceTree = "<group>";
		};
		48568A792F1E926300F9C126 /* Features */ = {
			isa = PBXFileSystemSynchronizedRootGroup;
			exceptions = (
				48AA10122FAA000100000001 /* Exceptions for "Features" folder in "Niratan" target */,
			);
			path = Features;
			sourceTree = "<group>";
		};
		48AA10052FAA000100000001 /* NativeMac */ = {
			isa = PBXFileSystemSynchronizedRootGroup;
			path = NativeMac;
			sourceTree = "<group>";
		};
		48568A7B2F1E926300F9C126 /* Models */ = {
			isa = PBXFileSystemSynchronizedRootGroup;
			exceptions = (
				48AA10112FAA000100000001 /* Exceptions for "Models" folder in "Niratan" target */,
			);
			path = Models;
			sourceTree = "<group>";
		};
		48568A7D2F1E926300F9C126 /* Util */ = {
			isa = PBXFileSystemSynchronizedRootGroup;
			exceptions = (
				48AA10202FAA000100000001 /* Exceptions for "Util" folder in "Niratan" target */,
			);
			path = Util;
			sourceTree = "<group>";
		};
/* End PBXFileSystemSynchronizedRootGroup section */

/* Begin PBXFrameworksBuildPhase section */
		48AA10032FAA000100000001 /* Frameworks */ = {
			isa = PBXFrameworksBuildPhase;
			buildActionMask = 2147483647;
			files = (
				48AD10012FAD000100000001 /* AidokuRuntime in Frameworks */,
				48AA10132FAA000100000001 /* EPUBKit in Frameworks */,
				48AA10142FAA000100000001 /* CHoshiDicts in Frameworks */,
				48D0C0012FB0000100000001 /* YouTubeKit in Frameworks */,
				48D0C0112FB0000100000001 /* SwiftLAME in Frameworks */,
			);
			runOnlyForDeploymentPostprocessing = 0;
		};
/* End PBXFrameworksBuildPhase section */

/* Begin PBXGroup section */
		48107AAE2F114021009E12D1 = {
			isa = PBXGroup;
			children = (
				48568A662F1E926300F9C126 /* Core */,
				48568A792F1E926300F9C126 /* Features */,
				48568A7B2F1E926300F9C126 /* Models */,
				48AA10052FAA000100000001 /* NativeMac */,
				48568A7D2F1E926300F9C126 /* Util */,
				48568A462F1E7F5C00F9C126 /* Assets.xcassets */,
				48568A472F1E7F5C00F9C126 /* HoshiIcon.icon */,
				48C8125E2F5F47C000127630 /* PrivacyInfo.xcprivacy */,
				48A1B2C32F8A000100000001 /* Localizable.xcstrings */,
				48A1B2C52F8A000100000003 /* Dictionaries.xcstrings */,
				48A1B2C62F8A000100000004 /* InfoPlist.xcstrings */,
				48AA10012FAA000100000001 /* Niratan.app */,
			);
			sourceTree = "<group>";
		};
/* End PBXGroup section */

/* Begin PBXNativeTarget section */
		48AA10002FAA000100000001 /* Niratan */ = {
			isa = PBXNativeTarget;
			buildConfigurationList = 48AA10082FAA000100000001 /* Build configuration list for PBXNativeTarget "Niratan" */;
			buildPhases = (
				48AA10022FAA000100000001 /* Sources */,
				48AA10032FAA000100000001 /* Frameworks */,
				48AA10042FAA000100000001 /* Resources */,
				48AA10602FAA000100000001 /* Embed Video Libraries */,
			);
			buildRules = (
			);
			dependencies = (
			);
			fileSystemSynchronizedGroups = (
				48AA10052FAA000100000001 /* NativeMac */,
			);
			name = "Niratan";
			packageProductDependencies = (
				48AD10032FAD000100000003 /* AidokuRuntime */,
				48568CD22F1EC9A400F9C126 /* EPUBKit */,
				48BC0BDE2F5C316B00EDAC3F /* CHoshiDicts */,
				48D0C0032FB0000100000001 /* YouTubeKit */,
				48D0C0132FB0000100000001 /* SwiftLAME */,
			);
			productName = "Niratan";
			productReference = 48AA10012FAA000100000001 /* Niratan.app */;
			productType = "com.apple.product-type.application";
		};
/* End PBXNativeTarget section */

/* Begin PBXProject section */
		48107AAF2F114021009E12D1 /* Project object */ = {
			isa = PBXProject;
			attributes = {
				BuildIndependentTargetsInParallel = 1;
				LastSwiftUpdateCheck = 2640;
				LastUpgradeCheck = 2630;
				TargetAttributes = {
					48AA10002FAA000100000001 = {
						CreatedOnToolsVersion = 26.4;
					};
				};
			};
			buildConfigurationList = 48107AB22F114021009E12D1 /* Build configuration list for PBXProject "Niratan" */;
			developmentRegion = en;
			hasScannedForEncodings = 0;
			knownRegions = (
				en,
				"zh-Hans",
				"zh-Hant",
				Base,
			);
			mainGroup = 48107AAE2F114021009E12D1;
			minimizedProjectReferenceProxies = 1;
			packageReferences = (
				48AD10022FAD000100000002 /* XCLocalSwiftPackageReference "Libraries/AidokuRuntime" */,
				48568CD12F1EC9A400F9C126 /* XCLocalSwiftPackageReference "Libraries/EPUBKit" */,
				48BC0BDD2F5C316B00EDAC3F /* XCRemoteSwiftPackageReference "hoshidicts" */,
				48D0C0022FB0000100000001 /* XCRemoteSwiftPackageReference "YouTubeKit" */,
				48D0C0122FB0000100000001 /* XCRemoteSwiftPackageReference "SwiftLAME" */,
			);
			preferredProjectObjectVersion = 77;
			productRefGroup = 48107AAE2F114021009E12D1;
			projectDirPath = "";
			projectRoot = "";
			targets = (
				48AA10002FAA000100000001 /* Niratan */,
			);
		};
/* End PBXProject section */

/* Begin PBXResourcesBuildPhase section */
		48AA10042FAA000100000001 /* Resources */ = {
			isa = PBXResourcesBuildPhase;
			buildActionMask = 2147483647;
			files = (
				48AA10502FAA000100000001 /* Assets.xcassets in Resources */,
				48AA10512FAA000100000001 /* HoshiIcon.icon in Resources */,
				48AA10522FAA000100000001 /* PrivacyInfo.xcprivacy in Resources */,
				48AA10532FAA000100000001 /* Localizable.xcstrings in Resources */,
				48AA10542FAA000100000001 /* Dictionaries.xcstrings in Resources */,
				48AA10552FAA000100000001 /* InfoPlist.xcstrings in Resources */,
			);
			runOnlyForDeploymentPostprocessing = 0;
		};
/* End PBXResourcesBuildPhase section */

/* Begin PBXShellScriptBuildPhase section */
		48AA10602FAA000100000001 /* Embed Video Libraries */ = {
			isa = PBXShellScriptBuildPhase;
			alwaysOutOfDate = 1;
			buildActionMask = 2147483647;
			files = (
			);
			inputFileListPaths = (
			);
			inputPaths = (
			);
			name = "Embed Video Libraries";
			outputFileListPaths = (
			);
			outputPaths = (
			);
			runOnlyForDeploymentPostprocessing = 0;
			shellPath = /bin/bash;
			shellScript = "\"$SRCROOT/script/embed_video_libraries.sh\" \"$TARGET_BUILD_DIR/$FRAMEWORKS_FOLDER_PATH\"\n";
		};
/* End PBXShellScriptBuildPhase section */

/* Begin PBXSourcesBuildPhase section */
		48AA10022FAA000100000001 /* Sources */ = {
			isa = PBXSourcesBuildPhase;
			buildActionMask = 2147483647;
			files = (
			);
			runOnlyForDeploymentPostprocessing = 0;
		};
/* End PBXSourcesBuildPhase section */

/* Begin XCBuildConfiguration section */
		48107AC02F114021009E12D1 /* Debug */ = {
			isa = XCBuildConfiguration;
			buildSettings = {
				ALWAYS_SEARCH_USER_PATHS = NO;
				ASSETCATALOG_COMPILER_GENERATE_SWIFT_ASSET_SYMBOL_EXTENSIONS = YES;
				CLANG_ANALYZER_NONNULL = YES;
				CLANG_ANALYZER_NUMBER_OBJECT_CONVERSION = YES_AGGRESSIVE;
				CLANG_CXX_LANGUAGE_STANDARD = "c++20";
				CLANG_ENABLE_MODULES = YES;
				CLANG_ENABLE_OBJC_ARC = YES;
				CLANG_ENABLE_OBJC_WEAK = YES;
				CLANG_WARN_BOOL_CONVERSION = YES;
				CLANG_WARN_COMMA = YES;
				CLANG_WARN_CONSTANT_CONVERSION = YES;
				CLANG_WARN_DOCUMENTATION_COMMENTS = YES;
				CLANG_WARN_EMPTY_BODY = YES;
				CLANG_WARN_ENUM_CONVERSION = YES;
				CLANG_WARN_INFINITE_RECURSION = YES;
				CLANG_WARN_INT_CONVERSION = YES;
				CLANG_WARN_NON_LITERAL_NULL_CONVERSION = YES;
				CLANG_WARN_QUOTED_INCLUDE_IN_FRAMEWORK_HEADER = YES;
				CLANG_WARN_RANGE_LOOP_ANALYSIS = YES;
				CLANG_WARN_STRICT_PROTOTYPES = YES;
				CLANG_WARN_SUSPICIOUS_MOVE = YES;
				CLANG_WARN_UNGUARDED_AVAILABILITY = YES_AGGRESSIVE;
				CLANG_WARN_UNREACHABLE_CODE = YES;
				COPY_PHASE_STRIP = NO;
				DEBUG_INFORMATION_FORMAT = dwarf;
				ENABLE_TESTABILITY = YES;
				ENABLE_USER_SCRIPT_SANDBOXING = YES;
				GCC_C_LANGUAGE_STANDARD = gnu17;
				GCC_NO_COMMON_BLOCKS = YES;
				GCC_OPTIMIZATION_LEVEL = 0;
				LOCALIZATION_PREFERS_STRING_CATALOGS = YES;
				MACOSX_DEPLOYMENT_TARGET = 26.0;
				MTL_ENABLE_DEBUG_INFO = INCLUDE_SOURCE;
				MTL_FAST_MATH = YES;
				ONLY_ACTIVE_ARCH = YES;
				SDKROOT = macosx;
				STRING_CATALOG_GENERATE_SYMBOLS = YES;
				SWIFT_ACTIVE_COMPILATION_CONDITIONS = "DEBUG $(inherited)";
				SWIFT_OPTIMIZATION_LEVEL = "-Onone";
				SWIFT_VERSION = 6.0;
			};
			name = Debug;
		};
		48107AC12F114021009E12D1 /* Release */ = {
			isa = XCBuildConfiguration;
			buildSettings = {
				ALWAYS_SEARCH_USER_PATHS = NO;
				ASSETCATALOG_COMPILER_GENERATE_SWIFT_ASSET_SYMBOL_EXTENSIONS = YES;
				CLANG_ANALYZER_NONNULL = YES;
				CLANG_ANALYZER_NUMBER_OBJECT_CONVERSION = YES_AGGRESSIVE;
				CLANG_CXX_LANGUAGE_STANDARD = "c++20";
				CLANG_ENABLE_MODULES = YES;
				CLANG_ENABLE_OBJC_ARC = YES;
				CLANG_ENABLE_OBJC_WEAK = YES;
				CLANG_WARN_BOOL_CONVERSION = YES;
				CLANG_WARN_COMMA = YES;
				CLANG_WARN_CONSTANT_CONVERSION = YES;
				CLANG_WARN_DOCUMENTATION_COMMENTS = YES;
				CLANG_WARN_EMPTY_BODY = YES;
				CLANG_WARN_ENUM_CONVERSION = YES;
				CLANG_WARN_INFINITE_RECURSION = YES;
				CLANG_WARN_INT_CONVERSION = YES;
				CLANG_WARN_NON_LITERAL_NULL_CONVERSION = YES;
				CLANG_WARN_QUOTED_INCLUDE_IN_FRAMEWORK_HEADER = YES;
				CLANG_WARN_RANGE_LOOP_ANALYSIS = YES;
				CLANG_WARN_STRICT_PROTOTYPES = YES;
				CLANG_WARN_SUSPICIOUS_MOVE = YES;
				CLANG_WARN_UNGUARDED_AVAILABILITY = YES_AGGRESSIVE;
				CLANG_WARN_UNREACHABLE_CODE = YES;
				COPY_PHASE_STRIP = NO;
				DEBUG_INFORMATION_FORMAT = "dwarf-with-dsym";
				ENABLE_NS_ASSERTIONS = NO;
				ENABLE_USER_SCRIPT_SANDBOXING = YES;
				GCC_C_LANGUAGE_STANDARD = gnu17;
				GCC_NO_COMMON_BLOCKS = YES;
				LOCALIZATION_PREFERS_STRING_CATALOGS = YES;
				MACOSX_DEPLOYMENT_TARGET = 26.0;
				MTL_ENABLE_DEBUG_INFO = NO;
				MTL_FAST_MATH = YES;
				SDKROOT = macosx;
				STRING_CATALOG_GENERATE_SYMBOLS = YES;
				SWIFT_ACTIVE_COMPILATION_CONDITIONS = "";
				SWIFT_COMPILATION_MODE = wholemodule;
				SWIFT_VERSION = 6.0;
				VALIDATE_PRODUCT = YES;
			};
			name = Release;
		};
		48AA10062FAA000100000001 /* Debug */ = {
			isa = XCBuildConfiguration;
			buildSettings = {
				ASSETCATALOG_COMPILER_APPICON_NAME = HoshiIcon;
				CLANG_CXX_LANGUAGE_STANDARD = "c++20";
				CODE_SIGN_STYLE = Automatic;
				CURRENT_PROJECT_VERSION = 1;
				DEVELOPMENT_TEAM = GPLBDQ2MBT;
				ENABLE_PREVIEWS = YES;
				ENABLE_USER_SCRIPT_SANDBOXING = NO;
				GENERATE_INFOPLIST_FILE = YES;
				HEADER_SEARCH_PATHS = (
					"$(SRCROOT)/Vendor/libmpv/include",
					"$(SRCROOT)/Vendor/libmpv/include/mpv",
				);
				INFOPLIST_FILE = "HoshiReader-Info.plist";
				INFOPLIST_KEY_CFBundleDisplayName = "Niratan";
				INFOPLIST_KEY_ITSAppUsesNonExemptEncryption = NO;
				INFOPLIST_KEY_LSApplicationCategoryType = "public.app-category.books";
				INFOPLIST_KEY_LSSupportsOpeningDocumentsInPlace = YES;
				INFOPLIST_KEY_NSLocalNetworkUsageDescription = "Allow Niratan to access AnkiConnect, Suwayomi Server, and user-installed Aidoku sources on your local network.";
				LD_RUNPATH_SEARCH_PATHS = (
					"$(inherited)",
					"@executable_path/../Frameworks",
				);
				LIBRARY_SEARCH_PATHS = "$(SRCROOT)/Vendor/libmpv/lib";
				MACOSX_DEPLOYMENT_TARGET = 26.0;
				MARKETING_VERSION = 1.6.7;
				OTHER_LDFLAGS = "-lmpv";
				PRODUCT_BUNDLE_IDENTIFIER = moe.shishamo.hoshi;
				PRODUCT_NAME = "$(TARGET_NAME)";
				SDKROOT = macosx;
				STRING_CATALOG_GENERATE_SYMBOLS = YES;
				SWIFT_APPROACHABLE_CONCURRENCY = YES;
				SWIFT_DEFAULT_ACTOR_ISOLATION = MainActor;
				SWIFT_EMIT_LOC_STRINGS = YES;
				SWIFT_OBJC_BRIDGING_HEADER = "Features/Video/Playback/HoshiVideo-Bridging-Header.h";
				SWIFT_OBJC_INTEROP_MODE = objcxx;
				SWIFT_UPCOMING_FEATURE_MEMBER_IMPORT_VISIBILITY = YES;
				SWIFT_VERSION = 6.0;
			};
			name = Debug;
		};
		48AA10072FAA000100000001 /* Release */ = {
			isa = XCBuildConfiguration;
			buildSettings = {
				ASSETCATALOG_COMPILER_APPICON_NAME = HoshiIcon;
				CLANG_CXX_LANGUAGE_STANDARD = "c++20";
				CODE_SIGN_STYLE = Automatic;
				CURRENT_PROJECT_VERSION = 1;
				ENABLE_PREVIEWS = YES;
				ENABLE_USER_SCRIPT_SANDBOXING = NO;
				GENERATE_INFOPLIST_FILE = YES;
				HEADER_SEARCH_PATHS = (
					"$(SRCROOT)/Vendor/libmpv/include",
					"$(SRCROOT)/Vendor/libmpv/include/mpv",
				);
				INFOPLIST_FILE = "HoshiReader-Info.plist";
				INFOPLIST_KEY_CFBundleDisplayName = "Niratan";
				INFOPLIST_KEY_ITSAppUsesNonExemptEncryption = NO;
				INFOPLIST_KEY_LSApplicationCategoryType = "public.app-category.books";
				INFOPLIST_KEY_LSSupportsOpeningDocumentsInPlace = YES;
				INFOPLIST_KEY_NSLocalNetworkUsageDescription = "Allow Niratan to access AnkiConnect, Suwayomi Server, and user-installed Aidoku sources on your local network.";
				LD_RUNPATH_SEARCH_PATHS = (
					"$(inherited)",
					"@executable_path/../Frameworks",
				);
				LIBRARY_SEARCH_PATHS = "$(SRCROOT)/Vendor/libmpv/lib";
				MACOSX_DEPLOYMENT_TARGET = 26.0;
				MARKETING_VERSION = 1.6.7;
				OTHER_LDFLAGS = "-lmpv";
				PRODUCT_BUNDLE_IDENTIFIER = moe.shishamo.hoshi;
				PRODUCT_NAME = "$(TARGET_NAME)";
				SDKROOT = macosx;
				STRING_CATALOG_GENERATE_SYMBOLS = YES;
				SWIFT_APPROACHABLE_CONCURRENCY = YES;
				SWIFT_DEFAULT_ACTOR_ISOLATION = MainActor;
				SWIFT_EMIT_LOC_STRINGS = YES;
				SWIFT_OBJC_BRIDGING_HEADER = "Features/Video/Playback/HoshiVideo-Bridging-Header.h";
				SWIFT_OBJC_INTEROP_MODE = objcxx;
				SWIFT_UPCOMING_FEATURE_MEMBER_IMPORT_VISIBILITY = YES;
				SWIFT_VERSION = 6.0;
			};
			name = Release;
		};
/* End XCBuildConfiguration section */

/* Begin XCConfigurationList section */
		48107AB22F114021009E12D1 /* Build configuration list for PBXProject "Niratan" */ = {
			isa = XCConfigurationList;
			buildConfigurations = (
				48107AC02F114021009E12D1 /* Debug */,
				48107AC12F114021009E12D1 /* Release */,
			);
			defaultConfigurationIsVisible = 0;
			defaultConfigurationName = Release;
		};
		48AA10082FAA000100000001 /* Build configuration list for PBXNativeTarget "Niratan" */ = {
			isa = XCConfigurationList;
			buildConfigurations = (
				48AA10062FAA000100000001 /* Debug */,
				48AA10072FAA000100000001 /* Release */,
			);
			defaultConfigurationIsVisible = 0;
			defaultConfigurationName = Release;
		};
/* End XCConfigurationList section */

/* Begin XCLocalSwiftPackageReference section */
		48AD10022FAD000100000002 /* XCLocalSwiftPackageReference "Libraries/AidokuRuntime" */ = {
			isa = XCLocalSwiftPackageReference;
			relativePath = Libraries/AidokuRuntime;
		};
		48568CD12F1EC9A400F9C126 /* XCLocalSwiftPackageReference "Libraries/EPUBKit" */ = {
			isa = XCLocalSwiftPackageReference;
			relativePath = Libraries/EPUBKit;
		};
/* End XCLocalSwiftPackageReference section */

/* Begin XCRemoteSwiftPackageReference section */
		48BC0BDD2F5C316B00EDAC3F /* XCRemoteSwiftPackageReference "hoshidicts" */ = {
			isa = XCRemoteSwiftPackageReference;
			repositoryURL = "https://github.com/HuangAntimony/hoshidicts.git";
			requirement = {
				kind = revision;
				revision = c60de40bf5f000a28bd6d309383761cd881b196b;
			};
		};
		48D0C0022FB0000100000001 /* XCRemoteSwiftPackageReference "YouTubeKit" */ = {
			isa = XCRemoteSwiftPackageReference;
			repositoryURL = "https://github.com/alexeichhorn/YouTubeKit.git";
			requirement = {
				kind = revision;
				revision = 65be95dbb1dbd749499e0638871568c823822276;
			};
		};
		48D0C0122FB0000100000001 /* XCRemoteSwiftPackageReference "SwiftLAME" */ = {
			isa = XCRemoteSwiftPackageReference;
			repositoryURL = "https://github.com/hidden-spectrum/SwiftLAME.git";
			requirement = {
				kind = revision;
				revision = 45d1b021c2bd2bbd38b9669934c0584cda0d1b6b;
			};
		};
/* End XCRemoteSwiftPackageReference section */

/* Begin XCSwiftPackageProductDependency section */
		48AD10032FAD000100000003 /* AidokuRuntime */ = {
			isa = XCSwiftPackageProductDependency;
			productName = AidokuRuntime;
		};
		48568CD22F1EC9A400F9C126 /* EPUBKit */ = {
			isa = XCSwiftPackageProductDependency;
			productName = EPUBKit;
		};
		48BC0BDE2F5C316B00EDAC3F /* CHoshiDicts */ = {
			isa = XCSwiftPackageProductDependency;
			package = 48BC0BDD2F5C316B00EDAC3F /* XCRemoteSwiftPackageReference "hoshidicts" */;
			productName = CHoshiDicts;
		};
		48D0C0032FB0000100000001 /* YouTubeKit */ = {
			isa = XCSwiftPackageProductDependency;
			package = 48D0C0022FB0000100000001 /* XCRemoteSwiftPackageReference "YouTubeKit" */;
			productName = YouTubeKit;
		};
		48D0C0132FB0000100000001 /* SwiftLAME */ = {
			isa = XCSwiftPackageProductDependency;
			package = 48D0C0122FB0000100000001 /* XCRemoteSwiftPackageReference "SwiftLAME" */;
			productName = SwiftLAME;
		};
/* End XCSwiftPackageProductDependency section */
	};
	rootObject = 48107AAF2F114021009E12D1 /* Project object */;
}
